// !$*UTF8*$!
{
	archiveVersion = 1;
	classes = {
	};
	objectVersion = 51;
	objects = {

/* Begin PBXBuildFile section */
		10ABA1842395A69198DE661D /* Pods_Employee.framework in Frameworks */ = {isa = PBXBuildFile; fileRef = 11C2821F848006145A7E9A53 /* Pods_Employee.framework */; };
		5813F8AC2665C88500A06CEC /* AppDelegate.swift in Sources */ = {isa = PBXBuildFile; fileRef = 5813F8AB2665C88500A06CEC /* AppDelegate.swift */; };
		5813F8AE2665C88500A06CEC /* SceneDelegate.swift in Sources */ = {isa = PBXBuildFile; fileRef = 5813F8AD2665C88500A06CEC /* SceneDelegate.swift */; };
		5813F8B32665C88500A06CEC /* Main.storyboard in Resources */ = {isa = PBXBuildFile; fileRef = 5813F8B12665C88500A06CEC /* Main.storyboard */; };
		5813F8B52665C88700A06CEC /* Assets.xcassets in Resources */ = {isa = PBXBuildFile; fileRef = 5813F8B42665C88700A06CEC /* Assets.xcassets */; };
		5813F8B82665C88700A06CEC /* LaunchScreen.storyboard in Resources */ = {isa = PBXBuildFile; fileRef = 5813F8B62665C88700A06CEC /* LaunchScreen.storyboard */; };
		5813F8CD2665D51C00A06CEC /* DepartmentController.swift in Sources */ = {isa = PBXBuildFile; fileRef = 5813F8CB2665D51C00A06CEC /* DepartmentController.swift */; };
		5813F8CE2665D51C00A06CEC /* EmployeeController.swift in Sources */ = {isa = PBXBuildFile; fileRef = 5813F8CC2665D51C00A06CEC /* EmployeeController.swift */; };
/* End PBXBuildFile section */

/* Begin PBXFileReference section */
		11C2821F848006145A7E9A53 /* Pods_Employee.framework */ = {isa = PBXFileReference; explicitFileType = wrapper.framework; includeInIndex = 0; path = Pods_Employee.framework; sourceTree = BUILT_PRODUCTS_DIR; };
		5813F8A82665C88500A06CEC /* Employee.app */ = {isa = PBXFileReference; explicitFileType = wrapper.application; includeInIndex = 0; path = Employee.app; sourceTree = BUILT_PRODUCTS_DIR; };
		5813F8AB2665C88500A06CEC /* AppDelegate.swift */ = {isa = PBXFileReference; lastKnownFileType = sourcecode.swift; path = AppDelegate.swift; sourceTree = "<group>"; };
		5813F8AD2665C88500A06CEC /* SceneDelegate.swift */ = {isa = PBXFileReference; lastKnownFileType = sourcecode.swift; path = SceneDelegate.swift; sourceTree = "<group>"; };
		5813F8B22665C88500A06CEC /* Base */ = {isa = PBXFileReference; lastKnownFileType = file.storyboard; name = Base; path = Base.lproj/Main.storyboard; sourceTree = "<group>"; };
		5813F8B42665C88700A06CEC /* Assets.xcassets */ = {isa = PBXFileReference; lastKnownFileType = folder.assetcatalog; path = Assets.xcassets; sourceTree = "<group>"; };
		5813F8B72665C88700A06CEC /* Base */ = {isa = PBXFileReference; lastKnownFileType = file.storyboard; name = Base; path = Base.lproj/LaunchScreen.storyboard; sourceTree = "<group>"; };
		5813F8B92665C88700A06CEC /* Info.plist */ = {isa = PBXFileReference; lastKnownFileType = text.plist.xml; path = Info.plist; sourceTree = "<group>"; };
		5813F8CB2665D51C00A06CEC /* DepartmentController.swift */ = {isa = PBXFileReference; fileEncoding = 4; lastKnownFileType = sourcecode.swift; path = DepartmentController.swift; sourceTree = "<group>"; };
		5813F8CC2665D51C00A06CEC /* EmployeeController.swift */ = {isa = PBXFileReference; fileEncoding = 4; lastKnownFileType = sourcecode.swift; path = EmployeeController.swift; sourceTree = "<group>"; };
		593B9E408D1018004E367D84 /* Pods-Employee.debug.xcconfig */ = {isa = PBXFileReference; includeInIndex = 1; lastKnownFileType = text.xcconfig; name = "Pods-Employee.debug.xcconfig"; path = "Target Support Files/Pods-Employee/Pods-Employee.debug.xcconfig"; sourceTree = "<group>"; };
		6F094F6B74AAC5EB4C6DEFA5 /* Pods-Employee.release.xcconfig */ = {isa = PBXFileReference; includeInIndex = 1; lastKnownFileType = text.xcconfig; name = "Pods-Employee.release.xcconfig"; path = "Target Support Files/Pods-Employee/Pods-Employee.release.xcconfig"; sourceTree = "<group>"; };
/* End PBXFileReference section */

/* Begin PBXFrameworksBuildPhase section */
		5813F8A52665C88500A06CEC /* Frameworks */ = {
			isa = PBXFrameworksBuildPhase;
			buildActionMask = 2147483647;
			files = (
				10ABA1842395A69198DE661D /* Pods_Employee.framework in Frameworks */,
			);
			runOnlyForDeploymentPostprocessing = 0;
		};
/* End PBXFrameworksBuildPhase section */

/* Begin PBXGroup section */
		580CAD1711CA6662E29229AB /* Frameworks */ = {
			isa = PBXGroup;
			children = (
				11C2821F848006145A7E9A53 /* Pods_Employee.framework */,
			);
			name = Frameworks;
			sourceTree = "<group>";
		};
		5813F89F2665C88500A06CEC = {
			isa = PBXGroup;
			children = (
				5813F8AA2665C88500A06CEC /* Employee */,
				5813F8A92665C88500A06CEC /* Products */,
				9413D34DCEF6661E4B196935 /* Pods */,
				580CAD1711CA6662E29229AB /* Frameworks */,
			);
			sourceTree = "<group>";
		};
		5813F8A92665C88500A06CEC /* Products */ = {
			isa = PBXGroup;
			children = (
				5813F8A82665C88500A06CEC /* Employee.app */,
			);
			name = Products;
			sourceTree = "<group>";
		};
		5813F8AA2665C88500A06CEC /* Employee */ = {
			isa = PBXGroup;
			children = (
				5813F8CB2665D51C00A06CEC /* DepartmentController.swift */,
				5813F8CC2665D51C00A06CEC /* EmployeeController.swift */,
				5813F8AB2665C88500A06CEC /* AppDelegate.swift */,
				5813F8AD2665C88500A06CEC /* SceneDelegate.swift */,
				5813F8B12665C88500A06CEC /* Main.storyboard */,
				5813F8B42665C88700A06CEC /* Assets.xcassets */,
				5813F8B62665C88700A06CEC /* LaunchScreen.storyboard */,
				5813F8B92665C88700A06CEC /* Info.plist */,
			);
			path = Employee;
			sourceTree = "<group>";
		};
		9413D34DCEF6661E4B196935 /* Pods */ = {
			isa = PBXGroup;
			children = (
				593B9E408D1018004E367D84 /* Pods-Employee.debug.xcconfig */,
				6F094F6B74AAC5EB4C6DEFA5 /* Pods-Employee.release.xcconfig */,
			);
			path = Pods;
			sourceTree = "<group>";
		};
/* End PBXGroup section */

/* Begin PBXNativeTarget section */
		5813F8A72665C88500A06CEC /* Employee */ = {
			isa = PBXNativeTarget;
			buildConfigurationList = 5813F8BC2665C88700A06CEC /* Build configuration list for PBXNativeTarget "Employee" */;
			buildPhases = (
				596E36B85A2ECEAF57A11413 /* [CP] Check Pods Manifest.lock */,
				5813F8A42665C88500A06CEC /* Sources */,
				5813F8A52665C88500A06CEC /* Frameworks */,
				5813F8A62665C88500A06CEC /* Resources */,
				5B6893BA7238CC4327FF3CC0 /* [CP] Embed Pods Frameworks */,
			);
			buildRules = (
			);
			dependencies = (
			);
			name = Employee;
			productName = Employee;
			productReference = 5813F8A82665C88500A06CEC /* Employee.app */;
			productType = "com.apple.product-type.application";
		};
/* End PBXNativeTarget section */

/* Begin PBXProject section */
		5813F8A02665C88500A06CEC /* Project object */ = {
			isa = PBXProject;
			attributes = {
				LastSwiftUpdateCheck = 1240;
				LastUpgradeCheck = 1240;
				TargetAttributes = {
					5813F8A72665C88500A06CEC = {
						CreatedOnToolsVersion = 12.4;
					};
				};
			};
			buildConfigurationList = 5813F8A32665C88500A06CEC /* Build configuration list for PBXProject "Employee" */;
			compatibilityVersion = "Xcode 9.3";
			developmentRegion = en;
			hasScannedForEncodings = 0;
			knownRegions = (
				en,
				Base,
			);
			mainGroup = 5813F89F2665C88500A06CEC;
			productRefGroup = 5813F8A92665C88500A06CEC /* Products */;
			projectDirPath = "";
			projectRoot = "";
			targets = (
				5813F8A72665C88500A06CEC /* Employee */,
			);
		};
/* End PBXProject section */

/* Begin PBXResourcesBuildPhase section */
		5813F8A62665C88500A06CEC /* Resources */ = {
			isa = PBXResourcesBuildPhase;
			buildActionMask = 2147483647;
			files = (
				5813F8B82665C88700A06CEC /* LaunchScreen.storyboard in Resources */,
				5813F8B52665C88700A06CEC /* Assets.xcassets in Resources */,
				5813F8B32665C88500A06CEC /* Main.storyboard in Resources */,
			);
			runOnlyForDeploymentPostprocessing = 0;
		};
/* End PBXResourcesBuildPhase section */

/* Begin PBXShellScriptBuildPhase section */
		596E36B85A2ECEAF57A11413 /* [CP] Check Pods Manifest.lock */ = {
			isa = PBXShellScriptBuildPhase;
			buildActionMask = 2147483647;
			files = (
			);
			inputFileListPaths = (
			);
			inputPaths = (
				"${PODS_PODFILE_DIR_PATH}/Podfile.lock",
				"${PODS_ROOT}/Manifest.lock",
			);
			name = "[CP] Check Pods Manifest.lock";
			outputFileListPaths = (
			);
			outputPaths = (
				"$(DERIVED_FILE_DIR)/Pods-Employee-checkManifestLockResult.txt",
			);
			runOnlyForDeploymentPostprocessing = 0;
			shellPath = /bin/sh;
			shellScript = "diff \"${PODS_PODFILE_DIR_PATH}/Podfile.lock\" \"${PODS_ROOT}/Manifest.lock\" > /dev/null\nif [ $? != 0 ] ; then\n    # print error to STDERR\n    echo \"error: The sandbox is not in sync with the Podfile.lock. Run 'pod install' or update your CocoaPods installation.\" >&2\n    exit 1\nfi\n# This output is used by Xcode 'outputs' to avoid re-running this script phase.\necho \"SUCCESS\" > \"${SCRIPT_OUTPUT_FILE_0}\"\n";
			showEnvVarsInLog = 0;
		};
		5B6893BA7238CC4327FF3CC0 /* [CP] Embed Pods Frameworks */ = {
			isa = PBXShellScriptBuildPhase;
			buildActionMask = 2147483647;
			files = (
			);
			inputFileListPaths = (
				"${PODS_ROOT}/Target Support Files/Pods-Employee/Pods-Employee-frameworks-${CONFIGURATION}-input-files.xcfilelist",
			);
			name = "[CP] Embed Pods Frameworks";
			outputFileListPaths = (
				"${PODS_ROOT}/Target Support Files/Pods-Employee/Pods-Employee-frameworks-${CONFIGURATION}-output-files.xcfilelist",
			);
			runOnlyForDeploymentPostprocessing = 0;
			shellPath = /bin/sh;
			shellScript = "\"${PODS_ROOT}/Target Support Files/Pods-Employee/Pods-Employee-frameworks.sh\"\n";
			showEnvVarsInLog = 0;
		};
/* End PBXShellScriptBuildPhase section */

/* Begin PBXSourcesBuildPhase section */
		5813F8A42665C88500A06CEC /* Sources */ = {
			isa = PBXSourcesBuildPhase;
			buildActionMask = 2147483647;
			files = (
				5813F8CD2665D51C00A06CEC /* DepartmentController.swift in Sources */,
				5813F8AC2665C88500A06CEC /* AppDelegate.swift in Sources */,
				5813F8CE2665D51C00A06CEC /* EmployeeController.swift in Sources */,
				5813F8AE2665C88500A06CEC /* SceneDelegate.swift in Sources */,
			);
			runOnlyForDeploymentPostprocessing = 0;
		};
/* End PBXSourcesBuildPhase section */

/* Begin PBXVariantGroup section */
		5813F8B12665C88500A06CEC /* Main.storyboard */ = {
			isa = PBXVariantGroup;
			children = (
				5813F8B22665C88500A06CEC /* Base */,
			);
			name = Main.storyboard;
			sourceTree = "<group>";
		};
		5813F8B62665C88700A06CEC /* LaunchScreen.storyboard */ = {
			isa = PBXVariantGroup;
			children = (
				5813F8B72665C88700A06CEC /* Base */,
			);
			name = LaunchScreen.storyboard;
			sourceTree = "<group>";
		};
/* End PBXVariantGroup section */

/* Begin XCBuildConfiguration section */
		5813F8BA2665C88700A06CEC /* Debug */ = {
			isa = XCBuildConfiguration;
			buildSettings = {
				ALWAYS_SEARCH_USER_PATHS = NO;
				CLANG_ANALYZER_NONNULL = YES;
				CLANG_ANALYZER_NUMBER_OBJECT_CONVERSION = YES_AGGRESSIVE;
				CLANG_CXX_LANGUAGE_STANDARD = "gnu++14";
				CLANG_CXX_LIBRARY = "libc++";
				CLANG_ENABLE_MODULES = YES;
				CLANG_ENABLE_OBJC_ARC = YES;
				CLANG_ENABLE_OBJC_WEAK = YES;
				CLANG_WARN_BLOCK_CAPTURE_AUTORELEASING = YES;
				CLANG_WARN_BOOL_CONVERSION = YES;
				CLANG_WARN_COMMA = YES;
				CLANG_WARN_CONSTANT_CONVERSION = YES;
				CLANG_WARN_DEPRECATED_OBJC_IMPLEMENTATIONS = YES;
				CLANG_WARN_DIRECT_OBJC_ISA_USAGE = YES_ERROR;
				CLANG_WARN_DOCUMENTATION_COMMENTS = YES;
				CLANG_WARN_EMPTY_BODY = YES;
				CLANG_WARN_ENUM_CONVERSION = YES;
				CLANG_WARN_INFINITE_RECURSION = YES;
				CLANG_WARN_INT_CONVERSION = YES;
				CLANG_WARN_NON_LITERAL_NULL_CONVERSION = YES;
				CLANG_WARN_OBJC_IMPLICIT_RETAIN_SELF = YES;
				CLANG_WARN_OBJC_LITERAL_CONVERSION = YES;
				CLANG_WARN_OBJC_ROOT_CLASS = YES_ERROR;
				CLANG_WARN_QUOTED_INCLUDE_IN_FRAMEWORK_HEADER = YES;
				CLANG_WARN_RANGE_LOOP_ANALYSIS = YES;
				CLANG_WARN_STRICT_PROTOTYPES = YES;
				CLANG_WARN_SUSPICIOUS_MOVE = YES;
				CLANG_WARN_UNGUARDED_AVAILABILITY = YES_AGGRESSIVE;
				CLANG_WARN_UNREACHABLE_CODE = YES;
				CLANG_WARN__DUPLICATE_METHOD_MATCH = YES;
				COPY_PHASE_STRIP = NO;
				DEBUG_INFORMATION_FORMAT = dwarf;
				ENABLE_STRICT_OBJC_MSGSEND = YES;
				ENABLE_TESTABILITY = YES;
				GCC_C_LANGUAGE_STANDARD = gnu11;
				GCC_DYNAMIC_NO_PIC = NO;
				GCC_NO_COMMON_BLOCKS = YES;
				GCC_OPTIMIZATION_LEVEL = 0;
				GCC_PREPROCESSOR_DEFINITIONS = (
					"DEBUG=1",
					"$(inherited)",
				);
				GCC_WARN_64_TO_32_BIT_CONVERSION = YES;
				GCC_WARN_ABOUT_RETURN_TYPE = YES_ERROR;
				GCC_WARN_UNDECLARED_SELECTOR = YES;
				GCC_WARN_UNINITIALIZED_AUTOS = YES_AGGRESSIVE;
				GCC_WARN_UNUSED_FUNCTION = YES;
				GCC_WARN_UNUSED_VARIABLE = YES;
				IPHONEOS_DEPLOYMENT_TARGET = 14.4;
				MTL_ENABLE_DEBUG_INFO = INCLUDE_SOURCE;
				MTL_FAST_MATH = YES;
				ONLY_ACTIVE_ARCH = YES;
				SDKROOT = iphoneos;
				SWIFT_ACTIVE_COMPILATION_CONDITIONS = DEBUG;
				SWIFT_OPTIMIZATION_LEVEL = "-Onone";
			};
			name = Debug;
		};
		5813F8BB2665C88700A06CEC /* Release */ = {
			isa = XCBuildConfiguration;
			buildSettings = {
				ALWAYS_SEARCH_USER_PATHS = NO;
				CLANG_ANALYZER_NONNULL = YES;
				CLANG_ANALYZER_NUMBER_OBJECT_CONVERSION = YES_AGGRESSIVE;
				CLANG_CXX_LANGUAGE_STANDARD = "gnu++14";
				CLANG_CXX_LIBRARY = "libc++";
				CLANG_ENABLE_MODULES = YES;
				CLANG_ENABLE_OBJC_ARC = YES;
				CLANG_ENABLE_OBJC_WEAK = YES;
				CLANG_WARN_BLOCK_CAPTURE_AUTORELEASING = YES;
				CLANG_WARN_BOOL_CONVERSION = YES;
				CLANG_WARN_COMMA = YES;
				CLANG_WARN_CONSTANT_CONVERSION = YES;
				CLANG_WARN_DEPRECATED_OBJC_IMPLEMENTATIONS = YES;
				CLANG_WARN_DIRECT_OBJC_ISA_USAGE = YES_ERROR;
				CLANG_WARN_DOCUMENTATION_COMMENTS = YES;
				CLANG_WARN_EMPTY_BODY = YES;
				CLANG_WARN_ENUM_CONVERSION = YES;
				CLANG_WARN_INFINITE_RECURSION = YES;
				CLANG_WARN_INT_CONVERSION = YES;
				CLANG_WARN_NON_LITERAL_NULL_CONVERSION = YES;
				CLANG_WARN_OBJC_IMPLICIT_RETAIN_SELF = YES;
				CLANG_WARN_OBJC_LITERAL_CONVERSION = YES;
				CLANG_WARN_OBJC_ROOT_CLASS = YES_ERROR;
				CLANG_WARN_QUOTED_INCLUDE_IN_FRAMEWORK_HEADER = YES;
				CLANG_WARN_RANGE_LOOP_ANALYSIS = YES;
				CLANG_WARN_STRICT_PROTOTYPES = YES;
				CLANG_WARN_SUSPICIOUS_MOVE = YES;
				CLANG_WARN_UNGUARDED_AVAILABILITY = YES_AGGRESSIVE;
				CLANG_WARN_UNREACHABLE_CODE = YES;
				CLANG_WARN__DUPLICATE_METHOD_MATCH = YES;
				COPY_PHASE_STRIP = NO;
				DEBUG_INFORMATION_FORMAT = "dwarf-with-dsym";
				ENABLE_NS_ASSERTIONS = NO;
				ENABLE_STRICT_OBJC_MSGSEND = YES;
				GCC_C_LANGUAGE_STANDARD = gnu11;
				GCC_NO_COMMON_BLOCKS = YES;
				GCC_WARN_64_TO_32_BIT_CONVERSION = YES;
				GCC_WARN_ABOUT_RETURN_TYPE = YES_ERROR;
				GCC_WARN_UNDECLARED_SELECTOR = YES;
				GCC_WARN_UNINITIALIZED_AUTOS = YES_AGGRESSIVE;
				GCC_WARN_UNUSED_FUNCTION = YES;
				GCC_WARN_UNUSED_VARIABLE = YES;
				IPHONEOS_DEPLOYMENT_TARGET = 14.4;
				MTL_ENABLE_DEBUG_INFO = NO;
				MTL_FAST_MATH = YES;
				SDKROOT = iphoneos;
				SWIFT_COMPILATION_MODE = wholemodule;
				SWIFT_OPTIMIZATION_LEVEL = "-O";
				VALIDATE_PRODUCT = YES;
			};
			name = Release;
		};
		5813F8BD2665C88700A06CEC /* Debug */ = {
			isa = XCBuildConfiguration;
			baseConfigurationReference = 593B9E408D1018004E367D84 /* Pods-Employee.debug.xcconfig */;
			buildSettings = {
				ASSETCATALOG_COMPILER_APPICON_NAME = AppIcon;
				ASSETCATALOG_COMPILER_GLOBAL_ACCENT_COLOR_NAME = AccentColor;
				CODE_SIGN_STYLE = Automatic;
				INFOPLIST_FILE = Employee/Info.plist;
				LD_RUNPATH_SEARCH_PATHS = (
					"$(inherited)",
					"@executable_path/Frameworks",
				);
				PRODUCT_BUNDLE_IDENTIFIER = duksung.Employee;
				PRODUCT_NAME = "$(TARGET_NAME)";
				SWIFT_VERSION = 5.0;
				TARGETED_DEVICE_FAMILY = 1;
			};
			name = Debug;
		};
		5813F8BE2665C88700A06CEC /* Release */ = {
			isa = XCBuildConfiguration;
			baseConfigurationReference = 6F094F6B74AAC5EB4C6DEFA5 /* Pods-Employee.release.xcconfig */;
			buildSettings = {
				ASSETCATALOG_COMPILER_APPICON_NAME = AppIcon;
				ASSETCATALOG_COMPILER_GLOBAL_ACCENT_COLOR_NAME = AccentColor;
				CODE_SIGN_STYLE = Automatic;
				INFOPLIST_FILE = Employee/Info.plist;
				LD_RUNPATH_SEARCH_PATHS = (
					"$(inherited)",
					"@executable_path/Frameworks",
				);
				PRODUCT_BUNDLE_IDENTIFIER = duksung.Employee;
				PRODUCT_NAME = "$(TARGET_NAME)";
				SWIFT_VERSION = 5.0;
				TARGETED_DEVICE_FAMILY = 1;
			};
			name = Release;
		};
/* End XCBuildConfiguration section */

/* Begin XCConfigurationList section */
		5813F8A32665C88500A06CEC /* Build configuration list for PBXProject "Employee" */ = {
			isa = XCConfigurationList;
			buildConfigurations = (
				5813F8BA2665C88700A06CEC /* Debug */,
				5813F8BB2665C88700A06CEC /* Release */,
			);
			defaultConfigurationIsVisible = 0;
			defaultConfigurationName = Release;
		};
		5813F8BC2665C88700A06CEC /* Build configuration list for PBXNativeTarget "Employee" */ = {
			isa = XCConfigurationList;
			buildConfigurations = (
				5813F8BD2665C88700A06CEC /* Debug */,
				5813F8BE2665C88700A06CEC /* Release */,
			);
			defaultConfigurationIsVisible = 0;
			defaultConfigurationName = Release;
		};
/* End XCConfigurationList section */
	};
	rootObject = 5813F8A02665C88500A06CEC /* Project object */;
}
